
Microsoft Visual Studio Solution File, Format Version 12.00
# Visual Studio Version 17
VisualStudioVersion = 17.4.33122.133
MinimumVisualStudioVersion = 10.0.40219.1
Project("{FAE04EC0-301F-11D3-BF4B-00C04F79EFBC}") = "WeatherStation", "WeatherStation\WeatherStation.csproj", "{8DAEFCA2-927B-4DAF-99BD-3DCB467CC097}"
EndProject
Global
	GlobalSection(SolutionConfigurationPlatforms) = preSolution
		Debug|Any CPU = Debug|Any CPU
		Release|Any CPU = Release|Any CPU
	EndGlobalSection
	GlobalSection(ProjectConfigurationPlatforms) = postSolution
		{8DAEFCA2-927B-4DAF-99BD-3DCB467CC097}.Debug|Any CPU.ActiveCfg = Debug|Any CPU
		{8DAEFCA2-927B-4DAF-99BD-3DCB467CC097}.Debug|Any CPU.Build.0 = Debug|Any CPU
		{8DAEFCA2-927B-4DAF-99BD-3DCB467CC097}.Release|Any CPU.ActiveCfg = Release|Any CPU
		{8DAEFCA2-927B-4DAF-99BD-3DCB467CC097}.Release|Any CPU.Build.0 = Release|Any CPU
	EndGlobalSection
	GlobalSection(SolutionProperties) = preSolution
		HideSolutionNode = FALSE
	EndGlobalSection
	GlobalSection(ExtensibilityGlobals) = postSolution
		SolutionGuid = {390A0AE0-1283-4499-9C8B-D10D306A0B9F}
	EndGlobalSection
EndGlobal
